
Microsoft Visual Studio Solution File, Format Version 12.00
# Visual Studio Version 16
VisualStudioVersion = 16.0.29911.84
MinimumVisualStudioVersion = 10.0.40219.1
Project("{FAE04EC0-301F-11D3-BF4B-00C04F79EFBC}") = "FileManager_MP", "FileManager_MP\FileManager_MP.csproj", "{31DB3E8E-16D1-4109-814D-09A30FE37E1D}"
EndProject
Project("{FAE04EC0-301F-11D3-BF4B-00C04F79EFBC}") = "FileManager.Tests", "FileManager.Tests\FileManager.Tests.csproj", "{E0026C7A-3B2E-41A1-A225-5CFCCBAD7A8A}"
EndProject
Global
	GlobalSection(SolutionConfigurationPlatforms) = preSolution
		Debug|Any CPU = Debug|Any CPU
		Release|Any CPU = Release|Any CPU
	EndGlobalSection
	GlobalSection(ProjectConfigurationPlatforms) = postSolution
		{31DB3E8E-16D1-4109-814D-09A30FE37E1D}.Debug|Any CPU.ActiveCfg = Debug|Any CPU
		{31DB3E8E-16D1-4109-814D-09A30FE37E1D}.Debug|Any CPU.Build.0 = Debug|Any CPU
		{31DB3E8E-16D1-4109-814D-09A30FE37E1D}.Release|Any CPU.ActiveCfg = Release|Any CPU
		{31DB3E8E-16D1-4109-814D-09A30FE37E1D}.Release|Any CPU.Build.0 = Release|Any CPU
		{E0026C7A-3B2E-41A1-A225-5CFCCBAD7A8A}.Debug|Any CPU.ActiveCfg = Debug|Any CPU
		{E0026C7A-3B2E-41A1-A225-5CFCCBAD7A8A}.Debug|Any CPU.Build.0 = Debug|Any CPU
		{E0026C7A-3B2E-41A1-A225-5CFCCBAD7A8A}.Release|Any CPU.ActiveCfg = Release|Any CPU
		{E0026C7A-3B2E-41A1-A225-5CFCCBAD7A8A}.Release|Any CPU.Build.0 = Release|Any CPU
	EndGlobalSection
	GlobalSection(SolutionProperties) = preSolution
		HideSolutionNode = FALSE
	EndGlobalSection
	GlobalSection(ExtensibilityGlobals) = postSolution
		SolutionGuid = {5CD05A64-C3D4-4A73-A66C-0005B9FE1232}
	EndGlobalSection
EndGlobal
